
Microsoft Visual Studio Solution File, Format Version 12.00
# Visual Studio Version 16
VisualStudioVersion = 16.0.31729.503
MinimumVisualStudioVersion = 10.0.40219.1
Project("{FAE04EC0-301F-11D3-BF4B-00C04F79EFBC}") = "hospital", "hospital\hospital.csproj", "{7077DCA5-CE1B-4418-8FFB-0BA00D8BAF3A}"
EndProject
Global
	GlobalSection(SolutionConfigurationPlatforms) = preSolution
		Debug|Any CPU = Debug|Any CPU
		Release|Any CPU = Release|Any CPU
	EndGlobalSection
	GlobalSection(ProjectConfigurationPlatforms) = postSolution
		{7077DCA5-CE1B-4418-8FFB-0BA00D8BAF3A}.Debug|Any CPU.ActiveCfg = Debug|Any CPU
		{7077DCA5-CE1B-4418-8FFB-0BA00D8BAF3A}.Debug|Any CPU.Build.0 = Debug|Any CPU
		{7077DCA5-CE1B-4418-8FFB-0BA00D8BAF3A}.Release|Any CPU.ActiveCfg = Release|Any CPU
		{7077DCA5-CE1B-4418-8FFB-0BA00D8BAF3A}.Release|Any CPU.Build.0 = Release|Any CPU
	EndGlobalSection
	GlobalSection(SolutionProperties) = preSolution
		HideSolutionNode = FALSE
	EndGlobalSection
	GlobalSection(ExtensibilityGlobals) = postSolution
		SolutionGuid = {EE544D57-BA54-4240-8D3B-9C47B240E278}
	EndGlobalSection
EndGlobal
